
Microsoft Visual Studio Solution File, Format Version 12.00
# Visual Studio Version 16
VisualStudioVersion = 16.0.29613.14
MinimumVisualStudioVersion = 10.0.40219.1
Project("{FAE04EC0-301F-11D3-BF4B-00C04F79EFBC}") = "Caeser", "Caeser\Caeser.csproj", "{9F285179-62DE-4A56-8ACC-4597B0B7F567}"
EndProject
Global
	GlobalSection(SolutionConfigurationPlatforms) = preSolution
		Debug|Any CPU = Debug|Any CPU
		Release|Any CPU = Release|Any CPU
	EndGlobalSection
	GlobalSection(ProjectConfigurationPlatforms) = postSolution
		{9F285179-62DE-4A56-8ACC-4597B0B7F567}.Debug|Any CPU.ActiveCfg = Debug|Any CPU
		{9F285179-62DE-4A56-8ACC-4597B0B7F567}.Debug|Any CPU.Build.0 = Debug|Any CPU
		{9F285179-62DE-4A56-8ACC-4597B0B7F567}.Release|Any CPU.ActiveCfg = Release|Any CPU
		{9F285179-62DE-4A56-8ACC-4597B0B7F567}.Release|Any CPU.Build.0 = Release|Any CPU
	EndGlobalSection
	GlobalSection(SolutionProperties) = preSolution
		HideSolutionNode = FALSE
	EndGlobalSection
	GlobalSection(ExtensibilityGlobals) = postSolution
		SolutionGuid = {097EDC43-C9CC-4F15-85CA-2843BFABE927}
	EndGlobalSection
EndGlobal
